
Microsoft Visual Studio Solution File, Format Version 12.00
Project("{FAE04EC0-301F-11D3-BF4B-00C04F79EFBC}") = "LearnWebAPI", "LearnWebAPI\LearnWebAPI.csproj", "{86725AE5-99AA-4097-A0F0-8A167867DB6F}"
EndProject
Project("{FAE04EC0-301F-11D3-BF4B-00C04F79EFBC}") = "PerfumeWeb", "PerfumeWeb\PerfumeWeb.csproj", "{F226DE75-8991-4142-B8B2-ABB126495CB9}"
EndProject
Global
	GlobalSection(SolutionConfigurationPlatforms) = preSolution
		Debug|Any CPU = Debug|Any CPU
		Release|Any CPU = Release|Any CPU
	EndGlobalSection
	GlobalSection(ProjectConfigurationPlatforms) = postSolution
		{86725AE5-99AA-4097-A0F0-8A167867DB6F}.Debug|Any CPU.ActiveCfg = Debug|Any CPU
		{86725AE5-99AA-4097-A0F0-8A167867DB6F}.Debug|Any CPU.Build.0 = Debug|Any CPU
		{86725AE5-99AA-4097-A0F0-8A167867DB6F}.Release|Any CPU.ActiveCfg = Release|Any CPU
		{86725AE5-99AA-4097-A0F0-8A167867DB6F}.Release|Any CPU.Build.0 = Release|Any CPU
		{F226DE75-8991-4142-B8B2-ABB126495CB9}.Debug|Any CPU.ActiveCfg = Debug|Any CPU
		{F226DE75-8991-4142-B8B2-ABB126495CB9}.Debug|Any CPU.Build.0 = Debug|Any CPU
		{F226DE75-8991-4142-B8B2-ABB126495CB9}.Release|Any CPU.ActiveCfg = Release|Any CPU
		{F226DE75-8991-4142-B8B2-ABB126495CB9}.Release|Any CPU.Build.0 = Release|Any CPU
	EndGlobalSection
EndGlobal
